{
  "lockfile_version": "1",
  "packages": {
    "github:NixOS/nixpkgs/nixpkgs-unstable": {
      "last_modified": "2026-08-14T15:04:01Z",
      "resolved": "github:NixOS/nixpkgs/8be7bd0c83f12e2e3bbba07c9044d6fed9e66f7f?lastModified=1786719841"
    },
    "terraform@latest": {
      "last_modified": "2026-08-27T07:16:00Z",
      "resolved": "github:NixOS/nixpkgs/c27cdad491a991b11ed731760aa2ef8db0cb0410#terraform",
      "source": "devbox-search",
      "version": "1.15.9",
      "systems": {
        "aarch64-darwin": {
          "outputs": [
            {
              "name": "out",
              "path": "/nix/store/8nnld5bxyg8fjsyxygryl1sp06j1r96l-terraform-1.15.9",
              "default": true
            }
          ],
          "store_path": "/nix/store/8nnld5bxyg8fjsyxygryl1sp06j1r96l-terraform-1.15.9"
        },
        "aarch64-linux": {
          "outputs": [
            {
              "name": "out",
              "path": "/nix/store/x7fml4mqi923rzyyr5lyl4xjpi0ydykr-terraform-1.15.9",
              "default": true
            }
          ],
          "store_path": "/nix/store/x7fml4mqi923rzyyr5lyl4xjpi0ydykr-terraform-1.15.9"
        },
        "x86_64-linux": {
          "outputs": [
            {
              "name": "out",
              "path": "/nix/store/0vz7kj1az3xkr5263ha45ani6vlma7mv-terraform-1.15.9",
              "default": true
            }
          ],
          "store_path": "/nix/store/0vz7kj1az3xkr5263ha45ani6vlma7mv-terraform-1.15.9"
        }
      }
    }
  }
}
